
Microsoft Visual Studio Solution File, Format Version 12.00
# Visual Studio Version 17
VisualStudioVersion = 17.9.34728.123
MinimumVisualStudioVersion = 10.0.40219.1
Project("{FAE04EC0-301F-11D3-BF4B-00C04F79EFBC}") = "WindowsFormsApp", "WindowsFormsApp\WindowsFormsApp.csproj", "{38E7210C-9B37-4810-8F00-E5867365994D}"
EndProject
Global
	GlobalSection(SolutionConfigurationPlatforms) = preSolution
		Debug|Any CPU = Debug|Any CPU
		Release|Any CPU = Release|Any CPU
	EndGlobalSection
	GlobalSection(ProjectConfigurationPlatforms) = postSolution
		{38E7210C-9B37-4810-8F00-E5867365994D}.Debug|Any CPU.ActiveCfg = Debug|Any CPU
		{38E7210C-9B37-4810-8F00-E5867365994D}.Debug|Any CPU.Build.0 = Debug|Any CPU
		{38E7210C-9B37-4810-8F00-E5867365994D}.Release|Any CPU.ActiveCfg = Release|Any CPU
		{38E7210C-9B37-4810-8F00-E5867365994D}.Release|Any CPU.Build.0 = Release|Any CPU
	EndGlobalSection
	GlobalSection(SolutionProperties) = preSolution
		HideSolutionNode = FALSE
	EndGlobalSection
	GlobalSection(ExtensibilityGlobals) = postSolution
		SolutionGuid = {941817C1-2EBE-4131-B821-7E763702B874}
	EndGlobalSection
EndGlobal
